
Microsoft Visual Studio Solution File, Format Version 12.00
# Visual Studio Version 17
VisualStudioVersion = 17.14.36109.1 d17.14
MinimumVisualStudioVersion = 10.0.40219.1
Project("{FAE04EC0-301F-11D3-BF4B-00C04F79EFBC}") = "ClienteCapaEntidades", "..\ClienteCapaEntidades\ClienteCapaEntidades.csproj", "{FB5905FF-3C2E-4E06-B4DF-1252B6746568}"
EndProject
Project("{FAE04EC0-301F-11D3-BF4B-00C04F79EFBC}") = "ClienteCapaPresentacion", "ClienteCapaPresentacion\ClienteCapaPresentacion.csproj", "{675FBD01-19A6-4EEB-9587-B507E88BC232}"
EndProject
Global
	GlobalSection(SolutionConfigurationPlatforms) = preSolution
		Debug|Any CPU = Debug|Any CPU
		Release|Any CPU = Release|Any CPU
	EndGlobalSection
	GlobalSection(ProjectConfigurationPlatforms) = postSolution
		{FB5905FF-3C2E-4E06-B4DF-1252B6746568}.Debug|Any CPU.ActiveCfg = Debug|Any CPU
		{FB5905FF-3C2E-4E06-B4DF-1252B6746568}.Debug|Any CPU.Build.0 = Debug|Any CPU
		{FB5905FF-3C2E-4E06-B4DF-1252B6746568}.Release|Any CPU.ActiveCfg = Release|Any CPU
		{FB5905FF-3C2E-4E06-B4DF-1252B6746568}.Release|Any CPU.Build.0 = Release|Any CPU
		{675FBD01-19A6-4EEB-9587-B507E88BC232}.Debug|Any CPU.ActiveCfg = Debug|Any CPU
		{675FBD01-19A6-4EEB-9587-B507E88BC232}.Debug|Any CPU.Build.0 = Debug|Any CPU
		{675FBD01-19A6-4EEB-9587-B507E88BC232}.Release|Any CPU.ActiveCfg = Release|Any CPU
		{675FBD01-19A6-4EEB-9587-B507E88BC232}.Release|Any CPU.Build.0 = Release|Any CPU
	EndGlobalSection
	GlobalSection(SolutionProperties) = preSolution
		HideSolutionNode = FALSE
	EndGlobalSection
	GlobalSection(ExtensibilityGlobals) = postSolution
		SolutionGuid = {73C6133F-F199-4F64-BEEF-109CE2DD5E61}
	EndGlobalSection
EndGlobal
